
Microsoft Visual Studio Solution File, Format Version 12.00
# Visual Studio 14
VisualStudioVersion = 14.0.22823.1
MinimumVisualStudioVersion = 10.0.40219.1
Project("{A07B5EB6-E848-4116-A8D0-A826331D98C6}") = "DemoBlog.ServiceFabric.Application", "DemoBlog.ServiceFabric.Application\DemoBlog.ServiceFabric.Application.sfproj", "{11A5E407-E190-4CDD-93B6-F7A3283570EA}"
EndProject
Project("{FAE04EC0-301F-11D3-BF4B-00C04F79EFBC}") = "DemoBlog.ServiceFabric.Gateway", "DemoBlog.ServiceFabric.Gateway\DemoBlog.ServiceFabric.Gateway.csproj", "{F27227DC-09E2-43E9-BE8C-D6D16BB075A4}"
EndProject
Project("{FAE04EC0-301F-11D3-BF4B-00C04F79EFBC}") = "DemoBlog.ServiceFabric.Calculator", "DemoBlog.ServiceFabric.Calculator\DemoBlog.ServiceFabric.Calculator.csproj", "{6FCDBD46-C9F9-4097-9989-302E03E7FAE9}"
EndProject
Project("{FAE04EC0-301F-11D3-BF4B-00C04F79EFBC}") = "DemoBlog.ServiceFabric.CalculatorHistory", "DemoBlog.ServiceFabric.CalculatorHistory\DemoBlog.ServiceFabric.CalculatorHistory.csproj", "{DB5DF47C-3A40-4A82-B4AE-49BAD03B2F12}"
EndProject
Global
	GlobalSection(SolutionConfigurationPlatforms) = preSolution
		Debug|Any CPU = Debug|Any CPU
		Debug|x64 = Debug|x64
		Release|Any CPU = Release|Any CPU
		Release|x64 = Release|x64
	EndGlobalSection
	GlobalSection(ProjectConfigurationPlatforms) = postSolution
		{11A5E407-E190-4CDD-93B6-F7A3283570EA}.Debug|Any CPU.ActiveCfg = Debug|x64
		{11A5E407-E190-4CDD-93B6-F7A3283570EA}.Debug|x64.ActiveCfg = Debug|x64
		{11A5E407-E190-4CDD-93B6-F7A3283570EA}.Debug|x64.Build.0 = Debug|x64
		{11A5E407-E190-4CDD-93B6-F7A3283570EA}.Debug|x64.Deploy.0 = Debug|x64
		{11A5E407-E190-4CDD-93B6-F7A3283570EA}.Release|Any CPU.ActiveCfg = Release|x64
		{11A5E407-E190-4CDD-93B6-F7A3283570EA}.Release|x64.ActiveCfg = Release|x64
		{11A5E407-E190-4CDD-93B6-F7A3283570EA}.Release|x64.Build.0 = Release|x64
		{11A5E407-E190-4CDD-93B6-F7A3283570EA}.Release|x64.Deploy.0 = Release|x64
		{F27227DC-09E2-43E9-BE8C-D6D16BB075A4}.Debug|Any CPU.ActiveCfg = Debug|x64
		{F27227DC-09E2-43E9-BE8C-D6D16BB075A4}.Debug|x64.ActiveCfg = Debug|x64
		{F27227DC-09E2-43E9-BE8C-D6D16BB075A4}.Debug|x64.Build.0 = Debug|x64
		{F27227DC-09E2-43E9-BE8C-D6D16BB075A4}.Release|Any CPU.ActiveCfg = Release|x64
		{F27227DC-09E2-43E9-BE8C-D6D16BB075A4}.Release|x64.ActiveCfg = Release|x64
		{F27227DC-09E2-43E9-BE8C-D6D16BB075A4}.Release|x64.Build.0 = Release|x64
		{6FCDBD46-C9F9-4097-9989-302E03E7FAE9}.Debug|Any CPU.ActiveCfg = Debug|x64
		{6FCDBD46-C9F9-4097-9989-302E03E7FAE9}.Debug|x64.ActiveCfg = Debug|x64
		{6FCDBD46-C9F9-4097-9989-302E03E7FAE9}.Debug|x64.Build.0 = Debug|x64
		{6FCDBD46-C9F9-4097-9989-302E03E7FAE9}.Release|Any CPU.ActiveCfg = Release|x64
		{6FCDBD46-C9F9-4097-9989-302E03E7FAE9}.Release|x64.ActiveCfg = Release|x64
		{6FCDBD46-C9F9-4097-9989-302E03E7FAE9}.Release|x64.Build.0 = Release|x64
		{DB5DF47C-3A40-4A82-B4AE-49BAD03B2F12}.Debug|Any CPU.ActiveCfg = Debug|x64
		{DB5DF47C-3A40-4A82-B4AE-49BAD03B2F12}.Debug|x64.ActiveCfg = Debug|x64
		{DB5DF47C-3A40-4A82-B4AE-49BAD03B2F12}.Debug|x64.Build.0 = Debug|x64
		{DB5DF47C-3A40-4A82-B4AE-49BAD03B2F12}.Release|Any CPU.ActiveCfg = Release|x64
		{DB5DF47C-3A40-4A82-B4AE-49BAD03B2F12}.Release|x64.ActiveCfg = Release|x64
		{DB5DF47C-3A40-4A82-B4AE-49BAD03B2F12}.Release|x64.Build.0 = Release|x64
	EndGlobalSection
	GlobalSection(SolutionProperties) = preSolution
		HideSolutionNode = FALSE
	EndGlobalSection
EndGlobal
